# THIS IS AN AUTOGENERATED FILE. DO NOT EDIT THIS FILE DIRECTLY.
# yarn lockfile v1


"@jest/types@^25.1.0":
  version "25.1.0"
  resolved "https://registry.yarnpkg.com/@jest/types/-/types-25.1.0.tgz#b26831916f0d7c381e11dbb5e103a72aed1b4395"
  integrity sha512-VpOtt7tCrgvamWZh1reVsGADujKigBUFTi19mlRjqEGsE8qH4r3s+skY33dNdXOwyZIvuftZ5tqdF1IgsMejMA==
  dependencies:
    "@types/istanbul-lib-coverage" "^2.0.0"
    "@types/istanbul-reports" "^1.1.1"
    "@types/yargs" "^15.0.0"
    chalk "^3.0.0"

"@types/color-name@^1.1.1":
  version "1.1.1"
  resolved "https://registry.yarnpkg.com/@types/color-name/-/color-name-1.1.1.tgz#1c1261bbeaa10a8055bbc5d8ab84b7b2afc846a0"
  integrity sha512-rr+OQyAjxze7GgWrSaJwydHStIhHq2lvY3BOC2Mj7KnzI7XK0Uw1TOOdI9lDoajEbSWLiYgoo4f1R51erQfhPQ==

"@types/istanbul-lib-coverage@*", "@types/istanbul-lib-coverage@^2.0.0":
  version "2.0.1"
  resolved "https://registry.yarnpkg.com/@types/istanbul-lib-coverage/-/istanbul-lib-coverage-2.0.1.tgz#42995b446db9a48a11a07ec083499a860e9138ff"
  integrity sha512-hRJD2ahnnpLgsj6KWMYSrmXkM3rm2Dl1qkx6IOFD5FnuNPXJIG5L0dhgKXCYTRMGzU4n0wImQ/xfmRc4POUFlg==

"@types/istanbul-lib-report@*":
  version "3.0.0"
  resolved "https://registry.yarnpkg.com/@types/istanbul-lib-report/-/istanbul-lib-report-3.0.0.tgz#c14c24f18ea8190c118ee7562b7ff99a36552686"
  integrity sha512-plGgXAPfVKFoYfa9NpYDAkseG+g6Jr294RqeqcqDixSbU34MZVJRi/P+7Y8GDpzkEwLaGZZOpKIEmeVZNtKsrg==
  dependencies:
    "@types/istanbul-lib-coverage" "*"

"@types/istanbul-reports@^1.1.1":
  version "1.1.1"
  resolved "https://registry.yarnpkg.com/@types/istanbul-reports/-/istanbul-reports-1.1.1.tgz#7a8cbf6a406f36c8add871625b278eaf0b0d255a"
  integrity sha512-UpYjBi8xefVChsCoBpKShdxTllC9pwISirfoZsUa2AAdQg/Jd2KQGtSbw+ya7GPo7x/wAPlH6JBhKhAsXUEZNA==
  dependencies:
    "@types/istanbul-lib-coverage" "*"
    "@types/istanbul-lib-report" "*"

"@types/yargs-parser@*":
  version "15.0.0"
  resolved "https://registry.yarnpkg.com/@types/yargs-parser/-/yargs-parser-15.0.0.tgz#cb3f9f741869e20cce330ffbeb9271590483882d"
  integrity sha512-FA/BWv8t8ZWJ+gEOnLLd8ygxH/2UFbAvgEonyfN6yWGLKc7zVjbpl2Y4CTjid9h2RfgPP6SEt6uHwEOply00yw==

"@types/yargs@^15.0.0":
  version "15.0.4"
  resolved "https://registry.yarnpkg.com/@types/yargs/-/yargs-15.0.4.tgz#7e5d0f8ca25e9d5849f2ea443cf7c402decd8299"
  integrity sha512-9T1auFmbPZoxHz0enUFlUuKRy3it01R+hlggyVUMtnCTQRunsQYifnSGb8hET4Xo8yiC0o0r1paW3ud5+rbURg==
  dependencies:
    "@types/yargs-parser" "*"

ansi-styles@^3.2.1:
  version "3.2.1"
  resolved "https://registry.yarnpkg.com/ansi-styles/-/ansi-styles-3.2.1.tgz#41fbb20243e50b12be0f04b8dedbf07520ce841d"
  integrity sha512-VT0ZI6kZRdTh8YyJw3SMbYm/u+NqfsAxEpWO0Pf9sq8/e94WxxOpPKx9FR1FlyCtOVDNOQ+8ntlqFxiRc+r5qA==
  dependencies:
    color-convert "^1.9.0"

ansi-styles@^4.1.0:
  version "4.2.1"
  resolved "https://registry.yarnpkg.com/ansi-styles/-/ansi-styles-4.2.1.tgz#90ae75c424d008d2624c5bf29ead3177ebfcf359"
  integrity sha512-9VGjrMsG1vePxcSweQsN20KY/c4zN0h9fLjqAbwbPfahM3t+NL+M9HC8xeXG2I8pX5NoamTGNuomEUFI7fcUjA==
  dependencies:
    "@types/color-name" "^1.1.1"
    color-convert "^2.0.1"

chalk@^2.3.1:
  version "2.4.2"
  resolved "https://registry.yarnpkg.com/chalk/-/chalk-2.4.2.tgz#cd42541677a54333cf541a49108c1432b44c9424"
  integrity sha512-Mti+f9lpJNcwF4tWV8/OrTTtF1gZi+f8FqlyAdouralcFWFQWF2+NgCHShjkCb+IFBLq9buZwE1xckQU4peSuQ==
  dependencies:
    ansi-styles "^3.2.1"
    escape-string-regexp "^1.0.5"
    supports-color "^5.3.0"

chalk@^3.0.0:
  version "3.0.0"
  resolved "https://registry.yarnpkg.com/chalk/-/chalk-3.0.0.tgz#3f73c2bf526591f574cc492c51e2456349f844e4"
  integrity sha512-4D3B6Wf41KOYRFdszmDqMCGq5VV/uMAB273JILmO+3jAlh8X4qDtdtgCR3fxtbLEMzSx22QdhnDcJvu2u1fVwg==
  dependencies:
    ansi-styles "^4.1.0"
    supports-color "^7.1.0"

ci-info@^2.0.0:
  version "2.0.0"
  resolved "https://registry.yarnpkg.com/ci-info/-/ci-info-2.0.0.tgz#67a9e964be31a51e15e5010d58e6f12834002f46"
  integrity sha512-5tK7EtrZ0N+OLFMthtqOj4fI2Jeb88C4CAZPu25LDVUgXJ0A3Js4PMGqrn0JU1W0Mh1/Z8wZzYPxqUrXeBboCQ==

color-convert@^1.9.0:
  version "1.9.3"
  resolved "https://registry.yarnpkg.com/color-convert/-/color-convert-1.9.3.tgz#bb71850690e1f136567de629d2d5471deda4c1e8"
  integrity sha512-QfAUtd+vFdAtFQcC8CCyYt1fYWxSqAiK2cSD6zDB8N3cpsEBAvRxp9zOGg6G/SHHJYAT88/az/IuDGALsNVbGg==
  dependencies:
    color-name "1.1.3"

color-convert@^2.0.1:
  version "2.0.1"
  resolved "https://registry.yarnpkg.com/color-convert/-/color-convert-2.0.1.tgz#72d3a68d598c9bdb3af2ad1e84f21d896abd4de3"
  integrity sha512-RRECPsj7iu/xb5oKYcsFHSppFNnsj/52OVTRKb4zP5onXwVF3zVmmToNcOfGC+CRDpfK/U584fMg38ZHCaElKQ==
  dependencies:
    color-name "~1.1.4"

color-name@1.1.3:
  version "1.1.3"
  resolved "https://registry.yarnpkg.com/color-name/-/color-name-1.1.3.tgz#a7d0558bd89c42f795dd42328f740831ca53bc25"
  integrity sha1-p9BVi9icQveV3UIyj3QIMcpTvCU=

color-name@~1.1.4:
  version "1.1.4"
  resolved "https://registry.yarnpkg.com/color-name/-/color-name-1.1.4.tgz#c2a09a87acbde69543de6f63fa3995c826c536a2"
  integrity sha512-dOy+3AuW3a2wNbZHIuMZpTcgjGuLU/uBL/ubcZF9OXbDo8ff4O8yVp5Bf0efS8uEoYo5q4Fx7dY9OgQGXgAsQA==

escape-string-regexp@^1.0.5:
  version "1.0.5"
  resolved "https://registry.yarnpkg.com/escape-string-regexp/-/escape-string-regexp-1.0.5.tgz#1b61c0562190a8dff6ae3bb2cf0200ca130b86d4"
  integrity sha1-G2HAViGQqN/2rjuyzwIAyhMLhtQ=

has-flag@^3.0.0:
  version "3.0.0"
  resolved "https://registry.yarnpkg.com/has-flag/-/has-flag-3.0.0.tgz#b5d454dc2199ae225699f3467e5a07f3b955bafd"
  integrity sha1-tdRU3CGZriJWmfNGfloH87lVuv0=

has-flag@^4.0.0:
  version "4.0.0"
  resolved "https://registry.yarnpkg.com/has-flag/-/has-flag-4.0.0.tgz#944771fd9c81c81265c4d6941860da06bb59479b"
  integrity sha512-EykJT/Q1KjTWctppgIAgfSO0tKVuZUjhgMr17kqTumMl6Afv3EISleU7qZUzoXDFTAHTDC4NOoG/ZxU3EvlMPQ==

is-ci@^2.0.0:
  version "2.0.0"
  resolved "https://registry.yarnpkg.com/is-ci/-/is-ci-2.0.0.tgz#6bc6334181810e04b5c22b3d589fdca55026404c"
  integrity sha512-YfJT7rkpQB0updsdHLGWrvhBJfcfzNNawYDNIyQXJz0IViGf75O8EBPKSdvw2rF+LGCsX4FZ8tcr3b19LcZq4w==
  dependencies:
    ci-info "^2.0.0"

jest-util@^25.1.0:
  version "25.1.0"
  resolved "https://registry.yarnpkg.com/jest-util/-/jest-util-25.1.0.tgz#7bc56f7b2abd534910e9fa252692f50624c897d9"
  integrity sha512-7did6pLQ++87Qsj26Fs/TIwZMUFBXQ+4XXSodRNy3luch2DnRXsSnmpVtxxQ0Yd6WTipGpbhh2IFP1mq6/fQGw==
  dependencies:
    "@jest/types" "^25.1.0"
    chalk "^3.0.0"
    is-ci "^2.0.0"
    mkdirp "^0.5.1"

minimist@0.0.8:
  version "0.0.8"
  resolved "https://registry.yarnpkg.com/minimist/-/minimist-0.0.8.tgz#857fcabfc3397d2625b8228262e86aa7a011b05d"
  integrity sha1-hX/Kv8M5fSYluCKCYuhqp6ARsF0=

mkdirp@^0.5.1:
  version "0.5.1"
  resolved "https://registry.yarnpkg.com/mkdirp/-/mkdirp-0.5.1.tgz#30057438eac6cf7f8c4767f38648d6697d75c903"
  integrity sha1-MAV0OOrGz3+MR2fzhkjWaX11yQM=
  dependencies:
    minimist "0.0.8"

prettier@^1.10.2:
  version "1.19.1"
  resolved "https://registry.yarnpkg.com/prettier/-/prettier-1.19.1.tgz#f7d7f5ff8a9cd872a7be4ca142095956a60797cb"
  integrity sha512-s7PoyDv/II1ObgQunCbB9PdLmUcBZcnWOcxDh7O0N/UwDEsHyqkW+Qh28jW+mVuCdx7gLB0BotYI1Y6uI9iyew==

supports-color@^5.3.0:
  version "5.5.0"
  resolved "https://registry.yarnpkg.com/supports-color/-/supports-color-5.5.0.tgz#e2e69a44ac8772f78a1ec0b35b689df6530efc8f"
  integrity sha512-QjVjwdXIt408MIiAqCX4oUKsgU2EqAGzs2Ppkm4aQYbjm+ZEWEcW4SfFNTr4uMNZma0ey4f5lgLrkB0aX0QMow==
  dependencies:
    has-flag "^3.0.0"

supports-color@^7.1.0:
  version "7.1.0"
  resolved "https://registry.yarnpkg.com/supports-color/-/supports-color-7.1.0.tgz#68e32591df73e25ad1c4b49108a2ec507962bfd1"
  integrity sha512-oRSIpR8pxT1Wr2FquTNnGet79b3BWljqOuoW/h4oBhxJ/HUbX5nX6JSruTkvXDCFMwDPvsaTTbvMLKZWSy0R5g==
  dependencies:
    has-flag "^4.0.0"
